// !$*UTF8*$!
{
	archiveVersion = 1;
	classes = {
	};
	objectVersion = 46;
	objects = {

/* Begin PBXBuildFile section */
		680833641C0824F400CC571F /* main.cpp in Sources */ = {isa = PBXBuildFile; fileRef = 680833631C0824F400CC571F /* main.cpp */; };
		680833A31C08692800CC571F /* KXRef.cpp in Sources */ = {isa = PBXBuildFile; fileRef = 680833A11C08692800CC571F /* KXRef.cpp */; };
		680833A61C08697C00CC571F /* KXAutoreleasePool.cpp in Sources */ = {isa = PBXBuildFile; fileRef = 680833A41C08697C00CC571F /* KXAutoreleasePool.cpp */; };
/* End PBXBuildFile section */

/* Begin PBXCopyFilesBuildPhase section */
		6808335E1C0824F400CC571F /* CopyFiles */ = {
			isa = PBXCopyFilesBuildPhase;
			buildActionMask = 2147483647;
			dstPath = /usr/share/man/man1/;
			dstSubfolderSpec = 0;
			files = (
			);
			runOnlyForDeploymentPostprocessing = 1;
		};
/* End PBXCopyFilesBuildPhase section */

/* Begin PBXFileReference section */
		680833601C0824F400CC571F /* StudyAndSearch */ = {isa = PBXFileReference; explicitFileType = "compiled.mach-o.executable"; includeInIndex = 0; path = StudyAndSearch; sourceTree = BUILT_PRODUCTS_DIR; };
		680833631C0824F400CC571F /* main.cpp */ = {isa = PBXFileReference; lastKnownFileType = sourcecode.cpp.cpp; path = main.cpp; sourceTree = "<group>"; };
		680833A11C08692800CC571F /* KXRef.cpp */ = {isa = PBXFileReference; fileEncoding = 4; lastKnownFileType = sourcecode.cpp.cpp; path = KXRef.cpp; sourceTree = "<group>"; };
		680833A21C08692800CC571F /* KXRef.h */ = {isa = PBXFileReference; fileEncoding = 4; lastKnownFileType = sourcecode.c.h; path = KXRef.h; sourceTree = "<group>"; };
		680833A41C08697C00CC571F /* KXAutoreleasePool.cpp */ = {isa = PBXFileReference; fileEncoding = 4; lastKnownFileType = sourcecode.cpp.cpp; path = KXAutoreleasePool.cpp; sourceTree = "<group>"; };
		680833A51C08697C00CC571F /* KXAutoreleasePool.h */ = {isa = PBXFileReference; fileEncoding = 4; lastKnownFileType = sourcecode.c.h; path = KXAutoreleasePool.h; sourceTree = "<group>"; };
/* End PBXFileReference section */

/* Begin PBXFrameworksBuildPhase section */
		6808335D1C0824F400CC571F /* Frameworks */ = {
			isa = PBXFrameworksBuildPhase;
			buildActionMask = 2147483647;
			files = (
			);
			runOnlyForDeploymentPostprocessing = 0;
		};
/* End PBXFrameworksBuildPhase section */

/* Begin PBXGroup section */
		680833571C0824F400CC571F = {
			isa = PBXGroup;
			children = (
				680833621C0824F400CC571F /* StudyAndSearch */,
				680833611C0824F400CC571F /* Products */,
			);
			sourceTree = "<group>";
		};
		680833611C0824F400CC571F /* Products */ = {
			isa = PBXGroup;
			children = (
				680833601C0824F400CC571F /* StudyAndSearch */,
			);
			name = Products;
			sourceTree = "<group>";
		};
		680833621C0824F400CC571F /* StudyAndSearch */ = {
			isa = PBXGroup;
			children = (
				680833A01C08690100CC571F /* base */,
				680833631C0824F400CC571F /* main.cpp */,
			);
			path = StudyAndSearch;
			sourceTree = "<group>";
		};
		680833A01C08690100CC571F /* base */ = {
			isa = PBXGroup;
			children = (
				680833A11C08692800CC571F /* KXRef.cpp */,
				680833A21C08692800CC571F /* KXRef.h */,
				680833A41C08697C00CC571F /* KXAutoreleasePool.cpp */,
				680833A51C08697C00CC571F /* KXAutoreleasePool.h */,
			);
			path = base;
			sourceTree = "<group>";
		};
/* End PBXGroup section */

/* Begin PBXNativeTarget section */
		6808335F1C0824F400CC571F /* StudyAndSearch */ = {
			isa = PBXNativeTarget;
			buildConfigurationList = 680833671C0824F400CC571F /* Build configuration list for PBXNativeTarget "StudyAndSearch" */;
			buildPhases = (
				6808335C1C0824F400CC571F /* Sources */,
				6808335D1C0824F400CC571F /* Frameworks */,
				6808335E1C0824F400CC571F /* CopyFiles */,
			);
			buildRules = (
			);
			dependencies = (
			);
			name = StudyAndSearch;
			productName = StudyAndSearch;
			productReference = 680833601C0824F400CC571F /* StudyAndSearch */;
			productType = "com.apple.product-type.tool";
		};
/* End PBXNativeTarget section */

/* Begin PBXProject section */
		680833581C0824F400CC571F /* Project object */ = {
			isa = PBXProject;
			attributes = {
				LastUpgradeCheck = 0620;
				ORGANIZATIONNAME = Angie;
				TargetAttributes = {
					6808335F1C0824F400CC571F = {
						CreatedOnToolsVersion = 6.2;
					};
				};
			};
			buildConfigurationList = 6808335B1C0824F400CC571F /* Build configuration list for PBXProject "StudyAndSearch" */;
			compatibilityVersion = "Xcode 3.2";
			developmentRegion = English;
			hasScannedForEncodings = 0;
			knownRegions = (
				en,
			);
			mainGroup = 680833571C0824F400CC571F;
			productRefGroup = 680833611C0824F400CC571F /* Products */;
			projectDirPath = "";
			projectRoot = "";
			targets = (
				6808335F1C0824F400CC571F /* StudyAndSearch */,
			);
		};
/* End PBXProject section */

/* Begin PBXSourcesBuildPhase section */
		6808335C1C0824F400CC571F /* Sources */ = {
			isa = PBXSourcesBuildPhase;
			buildActionMask = 2147483647;
			files = (
				680833A31C08692800CC571F /* KXRef.cpp in Sources */,
				680833641C0824F400CC571F /* main.cpp in Sources */,
				680833A61C08697C00CC571F /* KXAutoreleasePool.cpp in Sources */,
			);
			runOnlyForDeploymentPostprocessing = 0;
		};
/* End PBXSourcesBuildPhase section */

/* Begin XCBuildConfiguration section */
		680833651C0824F400CC571F /* Debug */ = {
			isa = XCBuildConfiguration;
			buildSettings = {
				ALWAYS_SEARCH_USER_PATHS = NO;
				CLANG_CXX_LANGUAGE_STANDARD = "gnu++0x";
				CLANG_CXX_LIBRARY = "libc++";
				CLANG_ENABLE_MODULES = YES;
				CLANG_ENABLE_OBJC_ARC = YES;
				CLANG_WARN_BOOL_CONVERSION = YES;
				CLANG_WARN_CONSTANT_CONVERSION = YES;
				CLANG_WARN_DIRECT_OBJC_ISA_USAGE = YES_ERROR;
				CLANG_WARN_EMPTY_BODY = YES;
				CLANG_WARN_ENUM_CONVERSION = YES;
				CLANG_WARN_INT_CONVERSION = YES;
				CLANG_WARN_OBJC_ROOT_CLASS = YES_ERROR;
				CLANG_WARN_UNREACHABLE_CODE = YES;
				CLANG_WARN__DUPLICATE_METHOD_MATCH = YES;
				COPY_PHASE_STRIP = NO;
				ENABLE_STRICT_OBJC_MSGSEND = YES;
				GCC_C_LANGUAGE_STANDARD = gnu99;
				GCC_DYNAMIC_NO_PIC = NO;
				GCC_OPTIMIZATION_LEVEL = 0;
				GCC_PREPROCESSOR_DEFINITIONS = (
					"DEBUG=1",
					"$(inherited)",
				);
				GCC_SYMBOLS_PRIVATE_EXTERN = NO;
				GCC_WARN_64_TO_32_BIT_CONVERSION = YES;
				GCC_WARN_ABOUT_RETURN_TYPE = YES_ERROR;
				GCC_WARN_UNDECLARED_SELECTOR = YES;
				GCC_WARN_UNINITIALIZED_AUTOS = YES_AGGRESSIVE;
				GCC_WARN_UNUSED_FUNCTION = YES;
				GCC_WARN_UNUSED_VARIABLE = YES;
				MACOSX_DEPLOYMENT_TARGET = 10.10;
				MTL_ENABLE_DEBUG_INFO = YES;
				ONLY_ACTIVE_ARCH = YES;
				SDKROOT = macosx;
			};
			name = Debug;
		};
		680833661C0824F400CC571F /* Release */ = {
			isa = XCBuildConfiguration;
			buildSettings = {
				ALWAYS_SEARCH_USER_PATHS = NO;
				CLANG_CXX_LANGUAGE_STANDARD = "gnu++0x";
				CLANG_CXX_LIBRARY = "libc++";
				CLANG_ENABLE_MODULES = YES;
				CLANG_ENABLE_OBJC_ARC = YES;
				CLANG_WARN_BOOL_CONVERSION = YES;
				CLANG_WARN_CONSTANT_CONVERSION = YES;
				CLANG_WARN_DIRECT_OBJC_ISA_USAGE = YES_ERROR;
				CLANG_WARN_EMPTY_BODY = YES;
				CLANG_WARN_ENUM_CONVERSION = YES;
				CLANG_WARN_INT_CONVERSION = YES;
				CLANG_WARN_OBJC_ROOT_CLASS = YES_ERROR;
				CLANG_WARN_UNREACHABLE_CODE = YES;
				CLANG_WARN__DUPLICATE_METHOD_MATCH = YES;
				COPY_PHASE_STRIP = NO;
				DEBUG_INFORMATION_FORMAT = "dwarf-with-dsym";
				ENABLE_NS_ASSERTIONS = NO;
				ENABLE_STRICT_OBJC_MSGSEND = YES;
				GCC_C_LANGUAGE_STANDARD = gnu99;
				GCC_WARN_64_TO_32_BIT_CONVERSION = YES;
				GCC_WARN_ABOUT_RETURN_TYPE = YES_ERROR;
				GCC_WARN_UNDECLARED_SELECTOR = YES;
				GCC_WARN_UNINITIALIZED_AUTOS = YES_AGGRESSIVE;
				GCC_WARN_UNUSED_FUNCTION = YES;
				GCC_WARN_UNUSED_VARIABLE = YES;
				MACOSX_DEPLOYMENT_TARGET = 10.10;
				MTL_ENABLE_DEBUG_INFO = NO;
				SDKROOT = macosx;
			};
			name = Release;
		};
		680833681C0824F400CC571F /* Debug */ = {
			isa = XCBuildConfiguration;
			buildSettings = {
				PRODUCT_NAME = "$(TARGET_NAME)";
			};
			name = Debug;
		};
		680833691C0824F400CC571F /* Release */ = {
			isa = XCBuildConfiguration;
			buildSettings = {
				PRODUCT_NAME = "$(TARGET_NAME)";
			};
			name = Release;
		};
/* End XCBuildConfiguration section */

/* Begin XCConfigurationList section */
		6808335B1C0824F400CC571F /* Build configuration list for PBXProject "StudyAndSearch" */ = {
			isa = XCConfigurationList;
			buildConfigurations = (
				680833651C0824F400CC571F /* Debug */,
				680833661C0824F400CC571F /* Release */,
			);
			defaultConfigurationIsVisible = 0;
			defaultConfigurationName = Release;
		};
		680833671C0824F400CC571F /* Build configuration list for PBXNativeTarget "StudyAndSearch" */ = {
			isa = XCConfigurationList;
			buildConfigurations = (
				680833681C0824F400CC571F /* Debug */,
				680833691C0824F400CC571F /* Release */,
			);
			defaultConfigurationIsVisible = 0;
			defaultConfigurationName = Release;
		};
/* End XCConfigurationList section */
	};
	rootObject = 680833581C0824F400CC571F /* Project object */;
}
